
Microsoft Visual Studio Solution File, Format Version 12.00
# Visual Studio 15
VisualStudioVersion = 15.0.27703.2035
MinimumVisualStudioVersion = 10.0.40219.1
Project("{8BC9CEB8-8B4A-11D0-8D11-00A0C91BC942}") = "Sakura", "Sakura\Sakura.vcxproj", "{629661C7-86F9-4678-97A4-5663CAAA9AE2}"
	ProjectSection(ProjectDependencies) = postProject
		{7C6D2C66-9034-44FE-ABB3-521DC081226A} = {7C6D2C66-9034-44FE-ABB3-521DC081226A}
		{ECE41FAD-A694-49B3-9CF3-A3389D0271F8} = {ECE41FAD-A694-49B3-9CF3-A3389D0271F8}
		{0E0AB4B5-B382-47F5-8463-48F277DE2D8D} = {0E0AB4B5-B382-47F5-8463-48F277DE2D8D}
		{DBB71EC4-1AD0-48CC-B886-DE4B7BA64249} = {DBB71EC4-1AD0-48CC-B886-DE4B7BA64249}
		{975551F8-AD52-4F6E-90D8-066884F79309} = {975551F8-AD52-4F6E-90D8-066884F79309}
	EndProjectSection
EndProject
Project("{2150E333-8FDC-42A3-9474-1A3956D46DE8}") = "Solution Items", "Solution Items", "{BD1593E9-611B-403F-AB56-583CB3271DE7}"
	ProjectSection(SolutionItems) = preProject
		azure-pipelines.yml = azure-pipelines.yml
		readme.md = readme.md
	EndProjectSection
EndProject
Project("{2150E333-8FDC-42A3-9474-1A3956D46DE8}") = "doc", "doc", "{2E0D6978-5D82-4A0B-9149-0B7E0E139885}"
	ProjectSection(SolutionItems) = preProject
		doc\ANSItoIDWriteTextLayoutMapping.md = doc\ANSItoIDWriteTextLayoutMapping.md
		doc\LuaAPI-en.md = doc\LuaAPI-en.md
		doc\manifest-en.md = doc\manifest-en.md
	EndProjectSection
EndProject
Project("{8BC9CEB8-8B4A-11D0-8D11-00A0C91BC942}") = "LuaIntf", "LuaIntf\LuaIntf.vcxproj", "{7C6D2C66-9034-44FE-ABB3-521DC081226A}"
EndProject
Project("{8BC9CEB8-8B4A-11D0-8D11-00A0C91BC942}") = "DefaultShellContext", "DefaultShellContext\DefaultShellContext.vcxproj", "{0E0AB4B5-B382-47F5-8463-48F277DE2D8D}"
	ProjectSection(ProjectDependencies) = postProject
		{C76D5A1E-6A6D-4485-BDD9-309B9D617F45} = {C76D5A1E-6A6D-4485-BDD9-309B9D617F45}
		{C057C63E-9DB2-4E5B-B1E4-D8D8E6F300C6} = {C057C63E-9DB2-4E5B-B1E4-D8D8E6F300C6}
		{C3966448-2AFA-41AF-BC78-D98E650178F1} = {C3966448-2AFA-41AF-BC78-D98E650178F1}
		{7C6D2C66-9034-44FE-ABB3-521DC081226A} = {7C6D2C66-9034-44FE-ABB3-521DC081226A}
		{26778797-4D61-4C06-AF84-ACAAB1FFCEF9} = {26778797-4D61-4C06-AF84-ACAAB1FFCEF9}
		{ECE41FAD-A694-49B3-9CF3-A3389D0271F8} = {ECE41FAD-A694-49B3-9CF3-A3389D0271F8}
		{29384CF5-FD80-4803-8705-3A59FFF07201} = {29384CF5-FD80-4803-8705-3A59FFF07201}
	EndProjectSection
EndProject
Project("{8BC9CEB8-8B4A-11D0-8D11-00A0C91BC942}") = "SakuraSDK", "SakuraSDK\SakuraSDK.vcxproj", "{ECE41FAD-A694-49B3-9CF3-A3389D0271F8}"
EndProject
Project("{8BC9CEB8-8B4A-11D0-8D11-00A0C91BC942}") = "AdminRedirectShellContext", "AdminRedirectShellContext\AdminRedirectShellContext.vcxproj", "{C76D5A1E-6A6D-4485-BDD9-309B9D617F45}"
	ProjectSection(ProjectDependencies) = postProject
		{ECE41FAD-A694-49B3-9CF3-A3389D0271F8} = {ECE41FAD-A694-49B3-9CF3-A3389D0271F8}
	EndProjectSection
EndProject
Project("{8BC9CEB8-8B4A-11D0-8D11-00A0C91BC942}") = "ConsoleReadShellContext", "ConsoleReadShellContext\ConsoleReadShellContext.vcxproj", "{29384CF5-FD80-4803-8705-3A59FFF07201}"
	ProjectSection(ProjectDependencies) = postProject
		{ECE41FAD-A694-49B3-9CF3-A3389D0271F8} = {ECE41FAD-A694-49B3-9CF3-A3389D0271F8}
		{3E38A0B7-9C99-4E13-9E07-2C8FCC3DE97D} = {3E38A0B7-9C99-4E13-9E07-2C8FCC3DE97D}
	EndProjectSection
EndProject
Project("{8BC9CEB8-8B4A-11D0-8D11-00A0C91BC942}") = "ConsoleReadShellContextCommon", "ConsoleReadShellContextCommon\ConsoleReadShellContextCommon.vcxproj", "{3E38A0B7-9C99-4E13-9E07-2C8FCC3DE97D}"
EndProject
Project("{8BC9CEB8-8B4A-11D0-8D11-00A0C91BC942}") = "AdminConsoleReadShellContext", "AdminConsoleReadShellContext\AdminConsoleReadShellContext.vcxproj", "{C057C63E-9DB2-4E5B-B1E4-D8D8E6F300C6}"
	ProjectSection(ProjectDependencies) = postProject
		{ECE41FAD-A694-49B3-9CF3-A3389D0271F8} = {ECE41FAD-A694-49B3-9CF3-A3389D0271F8}
		{3E38A0B7-9C99-4E13-9E07-2C8FCC3DE97D} = {3E38A0B7-9C99-4E13-9E07-2C8FCC3DE97D}
	EndProjectSection
EndProject
Project("{8BC9CEB8-8B4A-11D0-8D11-00A0C91BC942}") = "BasicShellContext", "BasicShellContext\BasicShellContext.vcxproj", "{C3966448-2AFA-41AF-BC78-D98E650178F1}"
	ProjectSection(ProjectDependencies) = postProject
		{7C6D2C66-9034-44FE-ABB3-521DC081226A} = {7C6D2C66-9034-44FE-ABB3-521DC081226A}
		{ECE41FAD-A694-49B3-9CF3-A3389D0271F8} = {ECE41FAD-A694-49B3-9CF3-A3389D0271F8}
	EndProjectSection
EndProject
Project("{8BC9CEB8-8B4A-11D0-8D11-00A0C91BC942}") = "ConPTYShellContext", "ConPtyShellContext\ConPtyShellContext.vcxproj", "{975551F8-AD52-4F6E-90D8-066884F79309}"
	ProjectSection(ProjectDependencies) = postProject
		{C3966448-2AFA-41AF-BC78-D98E650178F1} = {C3966448-2AFA-41AF-BC78-D98E650178F1}
		{7C6D2C66-9034-44FE-ABB3-521DC081226A} = {7C6D2C66-9034-44FE-ABB3-521DC081226A}
		{B0EA978B-1C29-4AA4-A58C-0404909A939E} = {B0EA978B-1C29-4AA4-A58C-0404909A939E}
		{26778797-4D61-4C06-AF84-ACAAB1FFCEF9} = {26778797-4D61-4C06-AF84-ACAAB1FFCEF9}
		{ECE41FAD-A694-49B3-9CF3-A3389D0271F8} = {ECE41FAD-A694-49B3-9CF3-A3389D0271F8}
		{946913FF-2E6E-49DB-8646-6C94633A07E2} = {946913FF-2E6E-49DB-8646-6C94633A07E2}
	EndProjectSection
EndProject
Project("{8BC9CEB8-8B4A-11D0-8D11-00A0C91BC942}") = "ConPTYShellContextExe", "ConPtyShellContextExe\ConPtyShellContextExe.vcxproj", "{946913FF-2E6E-49DB-8646-6C94633A07E2}"
	ProjectSection(ProjectDependencies) = postProject
		{ECE41FAD-A694-49B3-9CF3-A3389D0271F8} = {ECE41FAD-A694-49B3-9CF3-A3389D0271F8}
	EndProjectSection
EndProject
Project("{8BC9CEB8-8B4A-11D0-8D11-00A0C91BC942}") = "ConPTYShellContextExeAdmin", "ConPTYShellContextExeAdmin\ConPTYShellContextExeAdmin.vcxproj", "{B0EA978B-1C29-4AA4-A58C-0404909A939E}"
	ProjectSection(ProjectDependencies) = postProject
		{ECE41FAD-A694-49B3-9CF3-A3389D0271F8} = {ECE41FAD-A694-49B3-9CF3-A3389D0271F8}
	EndProjectSection
EndProject
Project("{8BC9CEB8-8B4A-11D0-8D11-00A0C91BC942}") = "ICULoader", "ICULoader\ICULoader.vcxproj", "{26778797-4D61-4C06-AF84-ACAAB1FFCEF9}"
EndProject
Project("{8BC9CEB8-8B4A-11D0-8D11-00A0C91BC942}") = "Lua", "Lua\Lua.vcxproj", "{DBB71EC4-1AD0-48CC-B886-DE4B7BA64249}"
EndProject
Global
	GlobalSection(SolutionConfigurationPlatforms) = preSolution
		Debug|x64 = Debug|x64
		Debug|x86 = Debug|x86
		Release|x64 = Release|x64
		Release|x86 = Release|x86
	EndGlobalSection
	GlobalSection(ProjectConfigurationPlatforms) = postSolution
		{629661C7-86F9-4678-97A4-5663CAAA9AE2}.Debug|x64.ActiveCfg = Debug|x64
		{629661C7-86F9-4678-97A4-5663CAAA9AE2}.Debug|x64.Build.0 = Debug|x64
		{629661C7-86F9-4678-97A4-5663CAAA9AE2}.Debug|x86.ActiveCfg = Debug|x64
		{629661C7-86F9-4678-97A4-5663CAAA9AE2}.Debug|x86.Build.0 = Debug|x64
		{629661C7-86F9-4678-97A4-5663CAAA9AE2}.Release|x64.ActiveCfg = Release|x64
		{629661C7-86F9-4678-97A4-5663CAAA9AE2}.Release|x64.Build.0 = Release|x64
		{629661C7-86F9-4678-97A4-5663CAAA9AE2}.Release|x86.ActiveCfg = Debug|x64
		{629661C7-86F9-4678-97A4-5663CAAA9AE2}.Release|x86.Build.0 = Debug|x64
		{7C6D2C66-9034-44FE-ABB3-521DC081226A}.Debug|x64.ActiveCfg = Debug|x64
		{7C6D2C66-9034-44FE-ABB3-521DC081226A}.Debug|x64.Build.0 = Debug|x64
		{7C6D2C66-9034-44FE-ABB3-521DC081226A}.Debug|x86.ActiveCfg = Debug|x64
		{7C6D2C66-9034-44FE-ABB3-521DC081226A}.Debug|x86.Build.0 = Debug|x64
		{7C6D2C66-9034-44FE-ABB3-521DC081226A}.Release|x64.ActiveCfg = Release|x64
		{7C6D2C66-9034-44FE-ABB3-521DC081226A}.Release|x64.Build.0 = Release|x64
		{7C6D2C66-9034-44FE-ABB3-521DC081226A}.Release|x86.ActiveCfg = Debug|x64
		{7C6D2C66-9034-44FE-ABB3-521DC081226A}.Release|x86.Build.0 = Debug|x64
		{0E0AB4B5-B382-47F5-8463-48F277DE2D8D}.Debug|x64.ActiveCfg = Debug|x64
		{0E0AB4B5-B382-47F5-8463-48F277DE2D8D}.Debug|x64.Build.0 = Debug|x64
		{0E0AB4B5-B382-47F5-8463-48F277DE2D8D}.Debug|x86.ActiveCfg = Debug|x64
		{0E0AB4B5-B382-47F5-8463-48F277DE2D8D}.Debug|x86.Build.0 = Debug|x64
		{0E0AB4B5-B382-47F5-8463-48F277DE2D8D}.Release|x64.ActiveCfg = Release|x64
		{0E0AB4B5-B382-47F5-8463-48F277DE2D8D}.Release|x64.Build.0 = Release|x64
		{0E0AB4B5-B382-47F5-8463-48F277DE2D8D}.Release|x86.ActiveCfg = Debug|x64
		{0E0AB4B5-B382-47F5-8463-48F277DE2D8D}.Release|x86.Build.0 = Debug|x64
		{ECE41FAD-A694-49B3-9CF3-A3389D0271F8}.Debug|x64.ActiveCfg = Debug|x64
		{ECE41FAD-A694-49B3-9CF3-A3389D0271F8}.Debug|x64.Build.0 = Debug|x64
		{ECE41FAD-A694-49B3-9CF3-A3389D0271F8}.Debug|x86.ActiveCfg = Debug|x64
		{ECE41FAD-A694-49B3-9CF3-A3389D0271F8}.Debug|x86.Build.0 = Debug|x64
		{ECE41FAD-A694-49B3-9CF3-A3389D0271F8}.Release|x64.ActiveCfg = Release|x64
		{ECE41FAD-A694-49B3-9CF3-A3389D0271F8}.Release|x64.Build.0 = Release|x64
		{ECE41FAD-A694-49B3-9CF3-A3389D0271F8}.Release|x86.ActiveCfg = Debug|x64
		{ECE41FAD-A694-49B3-9CF3-A3389D0271F8}.Release|x86.Build.0 = Debug|x64
		{C76D5A1E-6A6D-4485-BDD9-309B9D617F45}.Debug|x64.ActiveCfg = Debug|x64
		{C76D5A1E-6A6D-4485-BDD9-309B9D617F45}.Debug|x64.Build.0 = Debug|x64
		{C76D5A1E-6A6D-4485-BDD9-309B9D617F45}.Debug|x86.ActiveCfg = Debug|x64
		{C76D5A1E-6A6D-4485-BDD9-309B9D617F45}.Debug|x86.Build.0 = Debug|x64
		{C76D5A1E-6A6D-4485-BDD9-309B9D617F45}.Release|x64.ActiveCfg = Release|x64
		{C76D5A1E-6A6D-4485-BDD9-309B9D617F45}.Release|x64.Build.0 = Release|x64
		{C76D5A1E-6A6D-4485-BDD9-309B9D617F45}.Release|x86.ActiveCfg = Debug|x64
		{C76D5A1E-6A6D-4485-BDD9-309B9D617F45}.Release|x86.Build.0 = Debug|x64
		{29384CF5-FD80-4803-8705-3A59FFF07201}.Debug|x64.ActiveCfg = Debug|x64
		{29384CF5-FD80-4803-8705-3A59FFF07201}.Debug|x64.Build.0 = Debug|x64
		{29384CF5-FD80-4803-8705-3A59FFF07201}.Debug|x86.ActiveCfg = Debug|Win32
		{29384CF5-FD80-4803-8705-3A59FFF07201}.Debug|x86.Build.0 = Debug|Win32
		{29384CF5-FD80-4803-8705-3A59FFF07201}.Release|x64.ActiveCfg = Release|x64
		{29384CF5-FD80-4803-8705-3A59FFF07201}.Release|x64.Build.0 = Release|x64
		{29384CF5-FD80-4803-8705-3A59FFF07201}.Release|x86.ActiveCfg = Release|Win32
		{29384CF5-FD80-4803-8705-3A59FFF07201}.Release|x86.Build.0 = Release|Win32
		{3E38A0B7-9C99-4E13-9E07-2C8FCC3DE97D}.Debug|x64.ActiveCfg = Debug|x64
		{3E38A0B7-9C99-4E13-9E07-2C8FCC3DE97D}.Debug|x64.Build.0 = Debug|x64
		{3E38A0B7-9C99-4E13-9E07-2C8FCC3DE97D}.Debug|x86.ActiveCfg = Debug|Win32
		{3E38A0B7-9C99-4E13-9E07-2C8FCC3DE97D}.Debug|x86.Build.0 = Debug|Win32
		{3E38A0B7-9C99-4E13-9E07-2C8FCC3DE97D}.Release|x64.ActiveCfg = Release|x64
		{3E38A0B7-9C99-4E13-9E07-2C8FCC3DE97D}.Release|x64.Build.0 = Release|x64
		{3E38A0B7-9C99-4E13-9E07-2C8FCC3DE97D}.Release|x86.ActiveCfg = Release|Win32
		{3E38A0B7-9C99-4E13-9E07-2C8FCC3DE97D}.Release|x86.Build.0 = Release|Win32
		{C057C63E-9DB2-4E5B-B1E4-D8D8E6F300C6}.Debug|x64.ActiveCfg = Debug|x64
		{C057C63E-9DB2-4E5B-B1E4-D8D8E6F300C6}.Debug|x64.Build.0 = Debug|x64
		{C057C63E-9DB2-4E5B-B1E4-D8D8E6F300C6}.Debug|x86.ActiveCfg = Debug|Win32
		{C057C63E-9DB2-4E5B-B1E4-D8D8E6F300C6}.Debug|x86.Build.0 = Debug|Win32
		{C057C63E-9DB2-4E5B-B1E4-D8D8E6F300C6}.Release|x64.ActiveCfg = Release|x64
		{C057C63E-9DB2-4E5B-B1E4-D8D8E6F300C6}.Release|x64.Build.0 = Release|x64
		{C057C63E-9DB2-4E5B-B1E4-D8D8E6F300C6}.Release|x86.ActiveCfg = Release|Win32
		{C057C63E-9DB2-4E5B-B1E4-D8D8E6F300C6}.Release|x86.Build.0 = Release|Win32
		{C3966448-2AFA-41AF-BC78-D98E650178F1}.Debug|x64.ActiveCfg = Debug|x64
		{C3966448-2AFA-41AF-BC78-D98E650178F1}.Debug|x64.Build.0 = Debug|x64
		{C3966448-2AFA-41AF-BC78-D98E650178F1}.Debug|x86.ActiveCfg = Debug|Win32
		{C3966448-2AFA-41AF-BC78-D98E650178F1}.Debug|x86.Build.0 = Debug|Win32
		{C3966448-2AFA-41AF-BC78-D98E650178F1}.Release|x64.ActiveCfg = Release|x64
		{C3966448-2AFA-41AF-BC78-D98E650178F1}.Release|x64.Build.0 = Release|x64
		{C3966448-2AFA-41AF-BC78-D98E650178F1}.Release|x86.ActiveCfg = Release|Win32
		{C3966448-2AFA-41AF-BC78-D98E650178F1}.Release|x86.Build.0 = Release|Win32
		{975551F8-AD52-4F6E-90D8-066884F79309}.Debug|x64.ActiveCfg = Debug|x64
		{975551F8-AD52-4F6E-90D8-066884F79309}.Debug|x64.Build.0 = Debug|x64
		{975551F8-AD52-4F6E-90D8-066884F79309}.Debug|x86.ActiveCfg = Debug|Win32
		{975551F8-AD52-4F6E-90D8-066884F79309}.Debug|x86.Build.0 = Debug|Win32
		{975551F8-AD52-4F6E-90D8-066884F79309}.Release|x64.ActiveCfg = Release|x64
		{975551F8-AD52-4F6E-90D8-066884F79309}.Release|x64.Build.0 = Release|x64
		{975551F8-AD52-4F6E-90D8-066884F79309}.Release|x86.ActiveCfg = Release|Win32
		{975551F8-AD52-4F6E-90D8-066884F79309}.Release|x86.Build.0 = Release|Win32
		{946913FF-2E6E-49DB-8646-6C94633A07E2}.Debug|x64.ActiveCfg = Debug|x64
		{946913FF-2E6E-49DB-8646-6C94633A07E2}.Debug|x64.Build.0 = Debug|x64
		{946913FF-2E6E-49DB-8646-6C94633A07E2}.Debug|x86.ActiveCfg = Debug|Win32
		{946913FF-2E6E-49DB-8646-6C94633A07E2}.Debug|x86.Build.0 = Debug|Win32
		{946913FF-2E6E-49DB-8646-6C94633A07E2}.Release|x64.ActiveCfg = Release|x64
		{946913FF-2E6E-49DB-8646-6C94633A07E2}.Release|x64.Build.0 = Release|x64
		{946913FF-2E6E-49DB-8646-6C94633A07E2}.Release|x86.ActiveCfg = Release|Win32
		{946913FF-2E6E-49DB-8646-6C94633A07E2}.Release|x86.Build.0 = Release|Win32
		{B0EA978B-1C29-4AA4-A58C-0404909A939E}.Debug|x64.ActiveCfg = Debug|x64
		{B0EA978B-1C29-4AA4-A58C-0404909A939E}.Debug|x64.Build.0 = Debug|x64
		{B0EA978B-1C29-4AA4-A58C-0404909A939E}.Debug|x86.ActiveCfg = Debug|Win32
		{B0EA978B-1C29-4AA4-A58C-0404909A939E}.Debug|x86.Build.0 = Debug|Win32
		{B0EA978B-1C29-4AA4-A58C-0404909A939E}.Release|x64.ActiveCfg = Release|x64
		{B0EA978B-1C29-4AA4-A58C-0404909A939E}.Release|x64.Build.0 = Release|x64
		{B0EA978B-1C29-4AA4-A58C-0404909A939E}.Release|x86.ActiveCfg = Release|Win32
		{B0EA978B-1C29-4AA4-A58C-0404909A939E}.Release|x86.Build.0 = Release|Win32
		{26778797-4D61-4C06-AF84-ACAAB1FFCEF9}.Debug|x64.ActiveCfg = Debug|x64
		{26778797-4D61-4C06-AF84-ACAAB1FFCEF9}.Debug|x64.Build.0 = Debug|x64
		{26778797-4D61-4C06-AF84-ACAAB1FFCEF9}.Debug|x86.ActiveCfg = Debug|Win32
		{26778797-4D61-4C06-AF84-ACAAB1FFCEF9}.Debug|x86.Build.0 = Debug|Win32
		{26778797-4D61-4C06-AF84-ACAAB1FFCEF9}.Release|x64.ActiveCfg = Release|x64
		{26778797-4D61-4C06-AF84-ACAAB1FFCEF9}.Release|x64.Build.0 = Release|x64
		{26778797-4D61-4C06-AF84-ACAAB1FFCEF9}.Release|x86.ActiveCfg = Release|Win32
		{26778797-4D61-4C06-AF84-ACAAB1FFCEF9}.Release|x86.Build.0 = Release|Win32
		{DBB71EC4-1AD0-48CC-B886-DE4B7BA64249}.Debug|x64.ActiveCfg = Debug|x64
		{DBB71EC4-1AD0-48CC-B886-DE4B7BA64249}.Debug|x64.Build.0 = Debug|x64
		{DBB71EC4-1AD0-48CC-B886-DE4B7BA64249}.Debug|x86.ActiveCfg = Debug|Win32
		{DBB71EC4-1AD0-48CC-B886-DE4B7BA64249}.Debug|x86.Build.0 = Debug|Win32
		{DBB71EC4-1AD0-48CC-B886-DE4B7BA64249}.Release|x64.ActiveCfg = Release|x64
		{DBB71EC4-1AD0-48CC-B886-DE4B7BA64249}.Release|x64.Build.0 = Release|x64
		{DBB71EC4-1AD0-48CC-B886-DE4B7BA64249}.Release|x86.ActiveCfg = Release|Win32
		{DBB71EC4-1AD0-48CC-B886-DE4B7BA64249}.Release|x86.Build.0 = Release|Win32
	EndGlobalSection
	GlobalSection(SolutionProperties) = preSolution
		HideSolutionNode = FALSE
	EndGlobalSection
	GlobalSection(NestedProjects) = preSolution
		{2E0D6978-5D82-4A0B-9149-0B7E0E139885} = {BD1593E9-611B-403F-AB56-583CB3271DE7}
	EndGlobalSection
	GlobalSection(ExtensibilityGlobals) = postSolution
		SolutionGuid = {4B03F7BA-C3FC-4E37-81F8-A46121C2DC47}
	EndGlobalSection
EndGlobal
