<?xml version="1.0" encoding="utf-8"?>
<Project ToolsVersion="4.0" xmlns="http://schemas.microsoft.com/developer/msbuild/2003">
  <ItemGroup>
    <Filter Include="ソース ファイル">
      <UniqueIdentifier>{4FC737F1-C7A5-4376-A066-2A32D752A2FF}</UniqueIdentifier>
      <Extensions>cpp;c;cc;cxx;def;odl;idl;hpj;bat;asm;asmx</Extensions>
    </Filter>
    <Filter Include="ヘッダー ファイル">
      <UniqueIdentifier>{93995380-89BD-4b04-88EB-625FBE52EBFB}</UniqueIdentifier>
      <Extensions>h;hh;hpp;hxx;hm;inl;inc;ipp;xsd</Extensions>
    </Filter>
    <Filter Include="リソース ファイル">
      <UniqueIdentifier>{67DA6AB6-F800-4c08-8B7A-83BB121AAD01}</UniqueIdentifier>
      <Extensions>rc;ico;cur;bmp;dlg;rc2;rct;bin;rgs;gif;jpg;jpeg;jpe;resx;tiff;tif;png;wav;mfcribbon-ms</Extensions>
    </Filter>
    <Filter Include="リソース ファイル\x64">
      <UniqueIdentifier>{c278c374-cfd9-45b7-87c7-bb476afe9967}</UniqueIdentifier>
    </Filter>
  </ItemGroup>
  <ItemGroup>
    <None Include="manifest.lua">
      <Filter>リソース ファイル</Filter>
    </None>
  </ItemGroup>
  <ItemGroup>
    <CopyFileToFolders Include="..\ICU\bin64\icuuc62.dll">
      <Filter>リソース ファイル\x64</Filter>
    </CopyFileToFolders>
    <CopyFileToFolders Include="..\ICU\bin64\icudt62.dll">
      <Filter>リソース ファイル\x64</Filter>
    </CopyFileToFolders>
    <CopyFileToFolders Include="..\ICU\bin64\icuin62.dll">
      <Filter>リソース ファイル\x64</Filter>
    </CopyFileToFolders>
    <CopyFileToFolders Include="..\ICU\bin64\icuio62.dll">
      <Filter>リソース ファイル\x64</Filter>
    </CopyFileToFolders>
    <CopyFileToFolders Include="..\ICU\bin64\icutu62.dll">
      <Filter>リソース ファイル\x64</Filter>
    </CopyFileToFolders>
  </ItemGroup>
</Project>